// !$*UTF8*$!
{
	archiveVersion = 1;
	classes = {
	};
	objectVersion = 50;
	objects = {

/* Begin PBXBuildFile section */
		5B45C6500D4B006A6E82B3D9 /* Pods_GetitUITests.framework in Frameworks */ = {isa = PBXBuildFile; fileRef = C4DDE1493500B35477C0FDAB /* Pods_GetitUITests.framework */; };
		6B773AE521919C9B00D5983A /* AppDelegate.swift in Sources */ = {isa = PBXBuildFile; fileRef = 6B773AE421919C9B00D5983A /* AppDelegate.swift */; };
		6B773AE721919C9B00D5983A /* ViewController.swift in Sources */ = {isa = PBXBuildFile; fileRef = 6B773AE621919C9B00D5983A /* ViewController.swift */; };
		6B773AED21919C9B00D5983A /* Getit.xcdatamodeld in Sources */ = {isa = PBXBuildFile; fileRef = 6B773AEB21919C9B00D5983A /* Getit.xcdatamodeld */; };
		6B773AEF21919C9D00D5983A /* Assets.xcassets in Resources */ = {isa = PBXBuildFile; fileRef = 6B773AEE21919C9D00D5983A /* Assets.xcassets */; };
		6B773AF221919C9D00D5983A /* LaunchScreen.storyboard in Resources */ = {isa = PBXBuildFile; fileRef = 6B773AF021919C9D00D5983A /* LaunchScreen.storyboard */; };
		6B773AFD21919C9D00D5983A /* GetitTests.swift in Sources */ = {isa = PBXBuildFile; fileRef = 6B773AFC21919C9D00D5983A /* GetitTests.swift */; };
		6B773B0821919C9D00D5983A /* GetitUITests.swift in Sources */ = {isa = PBXBuildFile; fileRef = 6B773B0721919C9D00D5983A /* GetitUITests.swift */; };
		6B773B1621919F0B00D5983A /* awsconfiguration.json in Resources */ = {isa = PBXBuildFile; fileRef = 6B773B1521919F0A00D5983A /* awsconfiguration.json */; };
		6B773B3A21950A0D00D5983A /* CircleMenuButton.swift in Sources */ = {isa = PBXBuildFile; fileRef = 6B773B3721950A0700D5983A /* CircleMenuButton.swift */; };
		6B773B3B21950A0D00D5983A /* CircleMenuLoader.swift in Sources */ = {isa = PBXBuildFile; fileRef = 6B773B3821950A0D00D5983A /* CircleMenuLoader.swift */; };
		6B773B3C21950A0D00D5983A /* CircleMenu.swift in Sources */ = {isa = PBXBuildFile; fileRef = 6B773B3921950A0D00D5983A /* CircleMenu.swift */; };
		6B773B442195118900D5983A /* the-youtube-logo-3238901_640.png in Resources */ = {isa = PBXBuildFile; fileRef = 6B773B432195118900D5983A /* the-youtube-logo-3238901_640.png */; };
		6B773B4621951F0A00D5983A /* drunkGiraffe.jpg in Resources */ = {isa = PBXBuildFile; fileRef = 6B773B4521951F0A00D5983A /* drunkGiraffe.jpg */; };
		D8BAEEC48FF63BE07DFA00A5 /* Pods_GetitTests.framework in Frameworks */ = {isa = PBXBuildFile; fileRef = 83E7BB484B9FC9D7F7D41673 /* Pods_GetitTests.framework */; };
		F5D9AF10B8D11EF461845D44 /* Pods_Getit.framework in Frameworks */ = {isa = PBXBuildFile; fileRef = E982E3A07330638F3E5CEEBC /* Pods_Getit.framework */; };
/* End PBXBuildFile section */

/* Begin PBXContainerItemProxy section */
		6B773AF921919C9D00D5983A /* PBXContainerItemProxy */ = {
			isa = PBXContainerItemProxy;
			containerPortal = 6B773AD921919C9B00D5983A /* Project object */;
			proxyType = 1;
			remoteGlobalIDString = 6B773AE021919C9B00D5983A;
			remoteInfo = Getit;
		};
		6B773B0421919C9D00D5983A /* PBXContainerItemProxy */ = {
			isa = PBXContainerItemProxy;
			containerPortal = 6B773AD921919C9B00D5983A /* Project object */;
			proxyType = 1;
			remoteGlobalIDString = 6B773AE021919C9B00D5983A;
			remoteInfo = Getit;
		};
/* End PBXContainerItemProxy section */

/* Begin PBXFileReference section */
		201C3280EA8F29D2E181DF67 /* Pods-GetitTests.release.xcconfig */ = {isa = PBXFileReference; includeInIndex = 1; lastKnownFileType = text.xcconfig; name = "Pods-GetitTests.release.xcconfig"; path = "Target Support Files/Pods-GetitTests/Pods-GetitTests.release.xcconfig"; sourceTree = "<group>"; };
		2219FB99CBE2B93F6CCAF294 /* Pods-Getit.debug.xcconfig */ = {isa = PBXFileReference; includeInIndex = 1; lastKnownFileType = text.xcconfig; name = "Pods-Getit.debug.xcconfig"; path = "Target Support Files/Pods-Getit/Pods-Getit.debug.xcconfig"; sourceTree = "<group>"; };
		273A36566F0E9FC80952B121 /* Pods-GetitTests.debug.xcconfig */ = {isa = PBXFileReference; includeInIndex = 1; lastKnownFileType = text.xcconfig; name = "Pods-GetitTests.debug.xcconfig"; path = "Target Support Files/Pods-GetitTests/Pods-GetitTests.debug.xcconfig"; sourceTree = "<group>"; };
		6B773AE121919C9B00D5983A /* Getit.app */ = {isa = PBXFileReference; explicitFileType = wrapper.application; includeInIndex = 0; path = Getit.app; sourceTree = BUILT_PRODUCTS_DIR; };
		6B773AE421919C9B00D5983A /* AppDelegate.swift */ = {isa = PBXFileReference; lastKnownFileType = sourcecode.swift; path = AppDelegate.swift; sourceTree = "<group>"; wrapsLines = 0; };
		6B773AE621919C9B00D5983A /* ViewController.swift */ = {isa = PBXFileReference; lastKnownFileType = sourcecode.swift; lineEnding = 0; path = ViewController.swift; sourceTree = "<group>"; wrapsLines = 0; };
		6B773AEC21919C9B00D5983A /* Getit.xcdatamodel */ = {isa = PBXFileReference; lastKnownFileType = wrapper.xcdatamodel; path = Getit.xcdatamodel; sourceTree = "<group>"; };
		6B773AEE21919C9D00D5983A /* Assets.xcassets */ = {isa = PBXFileReference; lastKnownFileType = folder.assetcatalog; path = Assets.xcassets; sourceTree = "<group>"; };
		6B773AF121919C9D00D5983A /* Base */ = {isa = PBXFileReference; lastKnownFileType = file.storyboard; name = Base; path = Base.lproj/LaunchScreen.storyboard; sourceTree = "<group>"; };
		6B773AF321919C9D00D5983A /* Info.plist */ = {isa = PBXFileReference; lastKnownFileType = text.plist.xml; path = Info.plist; sourceTree = "<group>"; };
		6B773AF821919C9D00D5983A /* GetitTests.xctest */ = {isa = PBXFileReference; explicitFileType = wrapper.cfbundle; includeInIndex = 0; path = GetitTests.xctest; sourceTree = BUILT_PRODUCTS_DIR; };
		6B773AFC21919C9D00D5983A /* GetitTests.swift */ = {isa = PBXFileReference; lastKnownFileType = sourcecode.swift; path = GetitTests.swift; sourceTree = "<group>"; };
		6B773AFE21919C9D00D5983A /* Info.plist */ = {isa = PBXFileReference; lastKnownFileType = text.plist.xml; path = Info.plist; sourceTree = "<group>"; };
		6B773B0321919C9D00D5983A /* GetitUITests.xctest */ = {isa = PBXFileReference; explicitFileType = wrapper.cfbundle; includeInIndex = 0; path = GetitUITests.xctest; sourceTree = BUILT_PRODUCTS_DIR; };
		6B773B0721919C9D00D5983A /* GetitUITests.swift */ = {isa = PBXFileReference; lastKnownFileType = sourcecode.swift; path = GetitUITests.swift; sourceTree = "<group>"; };
		6B773B0921919C9D00D5983A /* Info.plist */ = {isa = PBXFileReference; lastKnownFileType = text.plist.xml; path = Info.plist; sourceTree = "<group>"; };
		6B773B1521919F0A00D5983A /* awsconfiguration.json */ = {isa = PBXFileReference; fileEncoding = 4; lastKnownFileType = text.json; path = awsconfiguration.json; sourceTree = "<group>"; };
		6B773B3721950A0700D5983A /* CircleMenuButton.swift */ = {isa = PBXFileReference; fileEncoding = 4; lastKnownFileType = sourcecode.swift; name = CircleMenuButton.swift; path = "../../../../Downloads/circle-menu-master-2/CircleMenuLib/CircleMenuButton/CircleMenuButton.swift"; sourceTree = "<group>"; };
		6B773B3821950A0D00D5983A /* CircleMenuLoader.swift */ = {isa = PBXFileReference; fileEncoding = 4; lastKnownFileType = sourcecode.swift; name = CircleMenuLoader.swift; path = "../../../../Downloads/circle-menu-master-2/CircleMenuLib/CircleMenuLoader/CircleMenuLoader.swift"; sourceTree = "<group>"; };
		6B773B3921950A0D00D5983A /* CircleMenu.swift */ = {isa = PBXFileReference; fileEncoding = 4; lastKnownFileType = sourcecode.swift; name = CircleMenu.swift; path = "../../../../Downloads/circle-menu-master-2/CircleMenuLib/CircleMenu.swift"; sourceTree = "<group>"; };
		6B773B3E21950A5D00D5983A /* CircleMenu.swift */ = {isa = PBXFileReference; lastKnownFileType = sourcecode.swift; path = CircleMenu.swift; sourceTree = "<group>"; };
		6B773B3F21950A6E00D5983A /* CircleMenuButton.swift */ = {isa = PBXFileReference; lastKnownFileType = sourcecode.swift; path = CircleMenuButton.swift; sourceTree = "<group>"; };
		6B773B4021950A7200D5983A /* CircleMenuLoader.swift */ = {isa = PBXFileReference; lastKnownFileType = sourcecode.swift; path = CircleMenuLoader.swift; sourceTree = "<group>"; };
		6B773B432195118900D5983A /* the-youtube-logo-3238901_640.png */ = {isa = PBXFileReference; lastKnownFileType = image.png; name = "the-youtube-logo-3238901_640.png"; path = "../../../the-youtube-logo-3238901_640.png"; sourceTree = "<group>"; };
		6B773B4521951F0A00D5983A /* drunkGiraffe.jpg */ = {isa = PBXFileReference; lastKnownFileType = image.jpeg; name = drunkGiraffe.jpg; path = ../../../drunkGiraffe.jpg; sourceTree = "<group>"; };
		83E7BB484B9FC9D7F7D41673 /* Pods_GetitTests.framework */ = {isa = PBXFileReference; explicitFileType = wrapper.framework; includeInIndex = 0; path = Pods_GetitTests.framework; sourceTree = BUILT_PRODUCTS_DIR; };
		A5CB36707253846E802E5E68 /* Pods-GetitUITests.release.xcconfig */ = {isa = PBXFileReference; includeInIndex = 1; lastKnownFileType = text.xcconfig; name = "Pods-GetitUITests.release.xcconfig"; path = "Target Support Files/Pods-GetitUITests/Pods-GetitUITests.release.xcconfig"; sourceTree = "<group>"; };
		C4DDE1493500B35477C0FDAB /* Pods_GetitUITests.framework */ = {isa = PBXFileReference; explicitFileType = wrapper.framework; includeInIndex = 0; path = Pods_GetitUITests.framework; sourceTree = BUILT_PRODUCTS_DIR; };
		D085002CA2B5AC6EDEB59048 /* Pods-Getit.release.xcconfig */ = {isa = PBXFileReference; includeInIndex = 1; lastKnownFileType = text.xcconfig; name = "Pods-Getit.release.xcconfig"; path = "Target Support Files/Pods-Getit/Pods-Getit.release.xcconfig"; sourceTree = "<group>"; };
		E982E3A07330638F3E5CEEBC /* Pods_Getit.framework */ = {isa = PBXFileReference; explicitFileType = wrapper.framework; includeInIndex = 0; path = Pods_Getit.framework; sourceTree = BUILT_PRODUCTS_DIR; };
		ECBEA980D00A549849590BF5 /* Pods-GetitUITests.debug.xcconfig */ = {isa = PBXFileReference; includeInIndex = 1; lastKnownFileType = text.xcconfig; name = "Pods-GetitUITests.debug.xcconfig"; path = "Target Support Files/Pods-GetitUITests/Pods-GetitUITests.debug.xcconfig"; sourceTree = "<group>"; };
/* End PBXFileReference section */

/* Begin PBXFrameworksBuildPhase section */
		6B773ADE21919C9B00D5983A /* Frameworks */ = {
			isa = PBXFrameworksBuildPhase;
			buildActionMask = 2147483647;
			files = (
				F5D9AF10B8D11EF461845D44 /* Pods_Getit.framework in Frameworks */,
			);
			runOnlyForDeploymentPostprocessing = 0;
		};
		6B773AF521919C9D00D5983A /* Frameworks */ = {
			isa = PBXFrameworksBuildPhase;
			buildActionMask = 2147483647;
			files = (
				D8BAEEC48FF63BE07DFA00A5 /* Pods_GetitTests.framework in Frameworks */,
			);
			runOnlyForDeploymentPostprocessing = 0;
		};
		6B773B0021919C9D00D5983A /* Frameworks */ = {
			isa = PBXFrameworksBuildPhase;
			buildActionMask = 2147483647;
			files = (
				5B45C6500D4B006A6E82B3D9 /* Pods_GetitUITests.framework in Frameworks */,
			);
			runOnlyForDeploymentPostprocessing = 0;
		};
/* End PBXFrameworksBuildPhase section */

/* Begin PBXGroup section */
		621EC8B0FA85D0F35040F5C6 /* Pods */ = {
			isa = PBXGroup;
			children = (
				2219FB99CBE2B93F6CCAF294 /* Pods-Getit.debug.xcconfig */,
				D085002CA2B5AC6EDEB59048 /* Pods-Getit.release.xcconfig */,
				273A36566F0E9FC80952B121 /* Pods-GetitTests.debug.xcconfig */,
				201C3280EA8F29D2E181DF67 /* Pods-GetitTests.release.xcconfig */,
				ECBEA980D00A549849590BF5 /* Pods-GetitUITests.debug.xcconfig */,
				A5CB36707253846E802E5E68 /* Pods-GetitUITests.release.xcconfig */,
			);
			path = Pods;
			sourceTree = "<group>";
		};
		6B773AD821919C9B00D5983A = {
			isa = PBXGroup;
			children = (
				6B773AE321919C9B00D5983A /* Getit */,
				6B773AFB21919C9D00D5983A /* GetitTests */,
				6B773B0621919C9D00D5983A /* GetitUITests */,
				6B773AE221919C9B00D5983A /* Products */,
				621EC8B0FA85D0F35040F5C6 /* Pods */,
				F8702A6B96FCEE5108226F6F /* Frameworks */,
			);
			sourceTree = "<group>";
		};
		6B773AE221919C9B00D5983A /* Products */ = {
			isa = PBXGroup;
			children = (
				6B773AE121919C9B00D5983A /* Getit.app */,
				6B773AF821919C9D00D5983A /* GetitTests.xctest */,
				6B773B0321919C9D00D5983A /* GetitUITests.xctest */,
			);
			name = Products;
			sourceTree = "<group>";
		};
		6B773AE321919C9B00D5983A /* Getit */ = {
			isa = PBXGroup;
			children = (
				6B773B3D21950A5500D5983A /* CircleMenu */,
				6B773B3921950A0D00D5983A /* CircleMenu.swift */,
				6B773B3721950A0700D5983A /* CircleMenuButton.swift */,
				6B773B3821950A0D00D5983A /* CircleMenuLoader.swift */,
				6B773AE421919C9B00D5983A /* AppDelegate.swift */,
				6B773AE621919C9B00D5983A /* ViewController.swift */,
				6B773B1521919F0A00D5983A /* awsconfiguration.json */,
				6B773AEE21919C9D00D5983A /* Assets.xcassets */,
				6B773B4521951F0A00D5983A /* drunkGiraffe.jpg */,
				6B773B432195118900D5983A /* the-youtube-logo-3238901_640.png */,
				6B773AF021919C9D00D5983A /* LaunchScreen.storyboard */,
				6B773AF321919C9D00D5983A /* Info.plist */,
				6B773AEB21919C9B00D5983A /* Getit.xcdatamodeld */,
			);
			path = Getit;
			sourceTree = "<group>";
		};
		6B773AFB21919C9D00D5983A /* GetitTests */ = {
			isa = PBXGroup;
			children = (
				6B773AFC21919C9D00D5983A /* GetitTests.swift */,
				6B773AFE21919C9D00D5983A /* Info.plist */,
			);
			path = GetitTests;
			sourceTree = "<group>";
		};
		6B773B0621919C9D00D5983A /* GetitUITests */ = {
			isa = PBXGroup;
			children = (
				6B773B0721919C9D00D5983A /* GetitUITests.swift */,
				6B773B0921919C9D00D5983A /* Info.plist */,
			);
			path = GetitUITests;
			sourceTree = "<group>";
		};
		6B773B3D21950A5500D5983A /* CircleMenu */ = {
			isa = PBXGroup;
			children = (
				6B773B4021950A7200D5983A /* CircleMenuLoader.swift */,
				6B773B3F21950A6E00D5983A /* CircleMenuButton.swift */,
				6B773B3E21950A5D00D5983A /* CircleMenu.swift */,
			);
			path = CircleMenu;
			sourceTree = "<group>";
		};
		F8702A6B96FCEE5108226F6F /* Frameworks */ = {
			isa = PBXGroup;
			children = (
				E982E3A07330638F3E5CEEBC /* Pods_Getit.framework */,
				83E7BB484B9FC9D7F7D41673 /* Pods_GetitTests.framework */,
				C4DDE1493500B35477C0FDAB /* Pods_GetitUITests.framework */,
			);
			name = Frameworks;
			sourceTree = "<group>";
		};
/* End PBXGroup section */

/* Begin PBXNativeTarget section */
		6B773AE021919C9B00D5983A /* Getit */ = {
			isa = PBXNativeTarget;
			buildConfigurationList = 6B773B0C21919C9D00D5983A /* Build configuration list for PBXNativeTarget "Getit" */;
			buildPhases = (
				BDC8B7C23581328B8702F3A3 /* [CP] Check Pods Manifest.lock */,
				6B773ADD21919C9B00D5983A /* Sources */,
				6B773ADE21919C9B00D5983A /* Frameworks */,
				6B773ADF21919C9B00D5983A /* Resources */,
				C1359DD3209FE5005F046FB9 /* [CP] Embed Pods Frameworks */,
			);
			buildRules = (
			);
			dependencies = (
			);
			name = Getit;
			productName = Getit;
			productReference = 6B773AE121919C9B00D5983A /* Getit.app */;
			productType = "com.apple.product-type.application";
		};
		6B773AF721919C9D00D5983A /* GetitTests */ = {
			isa = PBXNativeTarget;
			buildConfigurationList = 6B773B0F21919C9D00D5983A /* Build configuration list for PBXNativeTarget "GetitTests" */;
			buildPhases = (
				32CD892B0795F41D29264FE8 /* [CP] Check Pods Manifest.lock */,
				6B773AF421919C9D00D5983A /* Sources */,
				6B773AF521919C9D00D5983A /* Frameworks */,
				6B773AF621919C9D00D5983A /* Resources */,
			);
			buildRules = (
			);
			dependencies = (
				6B773AFA21919C9D00D5983A /* PBXTargetDependency */,
			);
			name = GetitTests;
			productName = GetitTests;
			productReference = 6B773AF821919C9D00D5983A /* GetitTests.xctest */;
			productType = "com.apple.product-type.bundle.unit-test";
		};
		6B773B0221919C9D00D5983A /* GetitUITests */ = {
			isa = PBXNativeTarget;
			buildConfigurationList = 6B773B1221919C9D00D5983A /* Build configuration list for PBXNativeTarget "GetitUITests" */;
			buildPhases = (
				7915B6ED41A7C6C54C1B371E /* [CP] Check Pods Manifest.lock */,
				6B773AFF21919C9D00D5983A /* Sources */,
				6B773B0021919C9D00D5983A /* Frameworks */,
				6B773B0121919C9D00D5983A /* Resources */,
			);
			buildRules = (
			);
			dependencies = (
				6B773B0521919C9D00D5983A /* PBXTargetDependency */,
			);
			name = GetitUITests;
			productName = GetitUITests;
			productReference = 6B773B0321919C9D00D5983A /* GetitUITests.xctest */;
			productType = "com.apple.product-type.bundle.ui-testing";
		};
/* End PBXNativeTarget section */

/* Begin PBXProject section */
		6B773AD921919C9B00D5983A /* Project object */ = {
			isa = PBXProject;
			attributes = {
				LastSwiftUpdateCheck = 1010;
				LastUpgradeCheck = 1010;
				ORGANIZATIONNAME = AppDevs;
				TargetAttributes = {
					6B773AE021919C9B00D5983A = {
						CreatedOnToolsVersion = 10.1;
					};
					6B773AF721919C9D00D5983A = {
						CreatedOnToolsVersion = 10.1;
						TestTargetID = 6B773AE021919C9B00D5983A;
					};
					6B773B0221919C9D00D5983A = {
						CreatedOnToolsVersion = 10.1;
						TestTargetID = 6B773AE021919C9B00D5983A;
					};
				};
			};
			buildConfigurationList = 6B773ADC21919C9B00D5983A /* Build configuration list for PBXProject "Getit" */;
			compatibilityVersion = "Xcode 9.3";
			developmentRegion = en;
			hasScannedForEncodings = 0;
			knownRegions = (
				en,
				Base,
			);
			mainGroup = 6B773AD821919C9B00D5983A;
			productRefGroup = 6B773AE221919C9B00D5983A /* Products */;
			projectDirPath = "";
			projectRoot = "";
			targets = (
				6B773AE021919C9B00D5983A /* Getit */,
				6B773AF721919C9D00D5983A /* GetitTests */,
				6B773B0221919C9D00D5983A /* GetitUITests */,
			);
		};
/* End PBXProject section */

/* Begin PBXResourcesBuildPhase section */
		6B773ADF21919C9B00D5983A /* Resources */ = {
			isa = PBXResourcesBuildPhase;
			buildActionMask = 2147483647;
			files = (
				6B773B4621951F0A00D5983A /* drunkGiraffe.jpg in Resources */,
				6B773B442195118900D5983A /* the-youtube-logo-3238901_640.png in Resources */,
				6B773AF221919C9D00D5983A /* LaunchScreen.storyboard in Resources */,
				6B773AEF21919C9D00D5983A /* Assets.xcassets in Resources */,
				6B773B1621919F0B00D5983A /* awsconfiguration.json in Resources */,
			);
			runOnlyForDeploymentPostprocessing = 0;
		};
		6B773AF621919C9D00D5983A /* Resources */ = {
			isa = PBXResourcesBuildPhase;
			buildActionMask = 2147483647;
			files = (
			);
			runOnlyForDeploymentPostprocessing = 0;
		};
		6B773B0121919C9D00D5983A /* Resources */ = {
			isa = PBXResourcesBuildPhase;
			buildActionMask = 2147483647;
			files = (
			);
			runOnlyForDeploymentPostprocessing = 0;
		};
/* End PBXResourcesBuildPhase section */

/* Begin PBXShellScriptBuildPhase section */
		32CD892B0795F41D29264FE8 /* [CP] Check Pods Manifest.lock */ = {
			isa = PBXShellScriptBuildPhase;
			buildActionMask = 2147483647;
			files = (
			);
			inputFileListPaths = (
			);
			inputPaths = (
				"${PODS_PODFILE_DIR_PATH}/Podfile.lock",
				"${PODS_ROOT}/Manifest.lock",
			);
			name = "[CP] Check Pods Manifest.lock";
			outputFileListPaths = (
			);
			outputPaths = (
				"$(DERIVED_FILE_DIR)/Pods-GetitTests-checkManifestLockResult.txt",
			);
			runOnlyForDeploymentPostprocessing = 0;
			shellPath = /bin/sh;
			shellScript = "diff \"${PODS_PODFILE_DIR_PATH}/Podfile.lock\" \"${PODS_ROOT}/Manifest.lock\" > /dev/null\nif [ $? != 0 ] ; then\n    # print error to STDERR\n    echo \"error: The sandbox is not in sync with the Podfile.lock. Run 'pod install' or update your CocoaPods installation.\" >&2\n    exit 1\nfi\n# This output is used by Xcode 'outputs' to avoid re-running this script phase.\necho \"SUCCESS\" > \"${SCRIPT_OUTPUT_FILE_0}\"\n";
			showEnvVarsInLog = 0;
		};
		7915B6ED41A7C6C54C1B371E /* [CP] Check Pods Manifest.lock */ = {
			isa = PBXShellScriptBuildPhase;
			buildActionMask = 2147483647;
			files = (
			);
			inputFileListPaths = (
			);
			inputPaths = (
				"${PODS_PODFILE_DIR_PATH}/Podfile.lock",
				"${PODS_ROOT}/Manifest.lock",
			);
			name = "[CP] Check Pods Manifest.lock";
			outputFileListPaths = (
			);
			outputPaths = (
				"$(DERIVED_FILE_DIR)/Pods-GetitUITests-checkManifestLockResult.txt",
			);
			runOnlyForDeploymentPostprocessing = 0;
			shellPath = /bin/sh;
			shellScript = "diff \"${PODS_PODFILE_DIR_PATH}/Podfile.lock\" \"${PODS_ROOT}/Manifest.lock\" > /dev/null\nif [ $? != 0 ] ; then\n    # print error to STDERR\n    echo \"error: The sandbox is not in sync with the Podfile.lock. Run 'pod install' or update your CocoaPods installation.\" >&2\n    exit 1\nfi\n# This output is used by Xcode 'outputs' to avoid re-running this script phase.\necho \"SUCCESS\" > \"${SCRIPT_OUTPUT_FILE_0}\"\n";
			showEnvVarsInLog = 0;
		};
		BDC8B7C23581328B8702F3A3 /* [CP] Check Pods Manifest.lock */ = {
			isa = PBXShellScriptBuildPhase;
			buildActionMask = 2147483647;
			files = (
			);
			inputFileListPaths = (
			);
			inputPaths = (
				"${PODS_PODFILE_DIR_PATH}/Podfile.lock",
				"${PODS_ROOT}/Manifest.lock",
			);
			name = "[CP] Check Pods Manifest.lock";
			outputFileListPaths = (
			);
			outputPaths = (
				"$(DERIVED_FILE_DIR)/Pods-Getit-checkManifestLockResult.txt",
			);
			runOnlyForDeploymentPostprocessing = 0;
			shellPath = /bin/sh;
			shellScript = "diff \"${PODS_PODFILE_DIR_PATH}/Podfile.lock\" \"${PODS_ROOT}/Manifest.lock\" > /dev/null\nif [ $? != 0 ] ; then\n    # print error to STDERR\n    echo \"error: The sandbox is not in sync with the Podfile.lock. Run 'pod install' or update your CocoaPods installation.\" >&2\n    exit 1\nfi\n# This output is used by Xcode 'outputs' to avoid re-running this script phase.\necho \"SUCCESS\" > \"${SCRIPT_OUTPUT_FILE_0}\"\n";
			showEnvVarsInLog = 0;
		};
		C1359DD3209FE5005F046FB9 /* [CP] Embed Pods Frameworks */ = {
			isa = PBXShellScriptBuildPhase;
			buildActionMask = 2147483647;
			files = (
			);
			inputFileListPaths = (
			);
			inputPaths = (
				"${PODS_ROOT}/Target Support Files/Pods-Getit/Pods-Getit-frameworks.sh",
				"${BUILT_PRODUCTS_DIR}/AWSAuthCore/AWSAuthCore.framework",
				"${BUILT_PRODUCTS_DIR}/AWSAuthUI/AWSAuthUI.framework",
				"${BUILT_PRODUCTS_DIR}/AWSCognitoIdentityProvider/AWSCognitoIdentityProvider.framework",
				"${BUILT_PRODUCTS_DIR}/AWSCognitoIdentityProviderASF/AWSCognitoIdentityProviderASF.framework",
				"${BUILT_PRODUCTS_DIR}/AWSCore/AWSCore.framework",
				"${BUILT_PRODUCTS_DIR}/AWSMobileClient/AWSMobileClient.framework",
				"${BUILT_PRODUCTS_DIR}/AWSPinpoint/AWSPinpoint.framework",
				"${BUILT_PRODUCTS_DIR}/AWSUserPoolsSignIn/AWSUserPoolsSignIn.framework",
				"${BUILT_PRODUCTS_DIR}/CircleMenu/CircleMenu.framework",
			);
			name = "[CP] Embed Pods Frameworks";
			outputFileListPaths = (
			);
			outputPaths = (
				"${TARGET_BUILD_DIR}/${FRAMEWORKS_FOLDER_PATH}/AWSAuthCore.framework",
				"${TARGET_BUILD_DIR}/${FRAMEWORKS_FOLDER_PATH}/AWSAuthUI.framework",
				"${TARGET_BUILD_DIR}/${FRAMEWORKS_FOLDER_PATH}/AWSCognitoIdentityProvider.framework",
				"${TARGET_BUILD_DIR}/${FRAMEWORKS_FOLDER_PATH}/AWSCognitoIdentityProviderASF.framework",
				"${TARGET_BUILD_DIR}/${FRAMEWORKS_FOLDER_PATH}/AWSCore.framework",
				"${TARGET_BUILD_DIR}/${FRAMEWORKS_FOLDER_PATH}/AWSMobileClient.framework",
				"${TARGET_BUILD_DIR}/${FRAMEWORKS_FOLDER_PATH}/AWSPinpoint.framework",
				"${TARGET_BUILD_DIR}/${FRAMEWORKS_FOLDER_PATH}/AWSUserPoolsSignIn.framework",
				"${TARGET_BUILD_DIR}/${FRAMEWORKS_FOLDER_PATH}/CircleMenu.framework",
			);
			runOnlyForDeploymentPostprocessing = 0;
			shellPath = /bin/sh;
			shellScript = "\"${PODS_ROOT}/Target Support Files/Pods-Getit/Pods-Getit-frameworks.sh\"\n";
			showEnvVarsInLog = 0;
		};
/* End PBXShellScriptBuildPhase section */

/* Begin PBXSourcesBuildPhase section */
		6B773ADD21919C9B00D5983A /* Sources */ = {
			isa = PBXSourcesBuildPhase;
			buildActionMask = 2147483647;
			files = (
				6B773B3C21950A0D00D5983A /* CircleMenu.swift in Sources */,
				6B773B3A21950A0D00D5983A /* CircleMenuButton.swift in Sources */,
				6B773B3B21950A0D00D5983A /* CircleMenuLoader.swift in Sources */,
				6B773AE721919C9B00D5983A /* ViewController.swift in Sources */,
				6B773AE521919C9B00D5983A /* AppDelegate.swift in Sources */,
				6B773AED21919C9B00D5983A /* Getit.xcdatamodeld in Sources */,
			);
			runOnlyForDeploymentPostprocessing = 0;
		};
		6B773AF421919C9D00D5983A /* Sources */ = {
			isa = PBXSourcesBuildPhase;
			buildActionMask = 2147483647;
			files = (
				6B773AFD21919C9D00D5983A /* GetitTests.swift in Sources */,
			);
			runOnlyForDeploymentPostprocessing = 0;
		};
		6B773AFF21919C9D00D5983A /* Sources */ = {
			isa = PBXSourcesBuildPhase;
			buildActionMask = 2147483647;
			files = (
				6B773B0821919C9D00D5983A /* GetitUITests.swift in Sources */,
			);
			runOnlyForDeploymentPostprocessing = 0;
		};
/* End PBXSourcesBuildPhase section */

/* Begin PBXTargetDependency section */
		6B773AFA21919C9D00D5983A /* PBXTargetDependency */ = {
			isa = PBXTargetDependency;
			target = 6B773AE021919C9B00D5983A /* Getit */;
			targetProxy = 6B773AF921919C9D00D5983A /* PBXContainerItemProxy */;
		};
		6B773B0521919C9D00D5983A /* PBXTargetDependency */ = {
			isa = PBXTargetDependency;
			target = 6B773AE021919C9B00D5983A /* Getit */;
			targetProxy = 6B773B0421919C9D00D5983A /* PBXContainerItemProxy */;
		};
/* End PBXTargetDependency section */

/* Begin PBXVariantGroup section */
		6B773AF021919C9D00D5983A /* LaunchScreen.storyboard */ = {
			isa = PBXVariantGroup;
			children = (
				6B773AF121919C9D00D5983A /* Base */,
			);
			name = LaunchScreen.storyboard;
			sourceTree = "<group>";
		};
/* End PBXVariantGroup section */

/* Begin XCBuildConfiguration section */
		6B773B0A21919C9D00D5983A /* Debug */ = {
			isa = XCBuildConfiguration;
			buildSettings = {
				ALWAYS_SEARCH_USER_PATHS = NO;
				CLANG_ANALYZER_NONNULL = YES;
				CLANG_ANALYZER_NUMBER_OBJECT_CONVERSION = YES_AGGRESSIVE;
				CLANG_CXX_LANGUAGE_STANDARD = "gnu++14";
				CLANG_CXX_LIBRARY = "libc++";
				CLANG_ENABLE_MODULES = YES;
				CLANG_ENABLE_OBJC_ARC = YES;
				CLANG_ENABLE_OBJC_WEAK = YES;
				CLANG_WARN_BLOCK_CAPTURE_AUTORELEASING = YES;
				CLANG_WARN_BOOL_CONVERSION = YES;
				CLANG_WARN_COMMA = YES;
				CLANG_WARN_CONSTANT_CONVERSION = YES;
				CLANG_WARN_DEPRECATED_OBJC_IMPLEMENTATIONS = YES;
				CLANG_WARN_DIRECT_OBJC_ISA_USAGE = YES_ERROR;
				CLANG_WARN_DOCUMENTATION_COMMENTS = YES;
				CLANG_WARN_EMPTY_BODY = YES;
				CLANG_WARN_ENUM_CONVERSION = YES;
				CLANG_WARN_INFINITE_RECURSION = YES;
				CLANG_WARN_INT_CONVERSION = YES;
				CLANG_WARN_NON_LITERAL_NULL_CONVERSION = YES;
				CLANG_WARN_OBJC_IMPLICIT_RETAIN_SELF = YES;
				CLANG_WARN_OBJC_LITERAL_CONVERSION = YES;
				CLANG_WARN_OBJC_ROOT_CLASS = YES_ERROR;
				CLANG_WARN_RANGE_LOOP_ANALYSIS = YES;
				CLANG_WARN_STRICT_PROTOTYPES = YES;
				CLANG_WARN_SUSPICIOUS_MOVE = YES;
				CLANG_WARN_UNGUARDED_AVAILABILITY = YES_AGGRESSIVE;
				CLANG_WARN_UNREACHABLE_CODE = YES;
				CLANG_WARN__DUPLICATE_METHOD_MATCH = YES;
				CODE_SIGN_IDENTITY = "iPhone Developer";
				COPY_PHASE_STRIP = NO;
				DEBUG_INFORMATION_FORMAT = dwarf;
				ENABLE_STRICT_OBJC_MSGSEND = YES;
				ENABLE_TESTABILITY = YES;
				GCC_C_LANGUAGE_STANDARD = gnu11;
				GCC_DYNAMIC_NO_PIC = NO;
				GCC_NO_COMMON_BLOCKS = YES;
				GCC_OPTIMIZATION_LEVEL = 0;
				GCC_PREPROCESSOR_DEFINITIONS = (
					"DEBUG=1",
					"$(inherited)",
				);
				GCC_WARN_64_TO_32_BIT_CONVERSION = YES;
				GCC_WARN_ABOUT_RETURN_TYPE = YES_ERROR;
				GCC_WARN_UNDECLARED_SELECTOR = YES;
				GCC_WARN_UNINITIALIZED_AUTOS = YES_AGGRESSIVE;
				GCC_WARN_UNUSED_FUNCTION = YES;
				GCC_WARN_UNUSED_VARIABLE = YES;
				IPHONEOS_DEPLOYMENT_TARGET = 12.1;
				MTL_ENABLE_DEBUG_INFO = INCLUDE_SOURCE;
				MTL_FAST_MATH = YES;
				ONLY_ACTIVE_ARCH = YES;
				SDKROOT = iphoneos;
				SWIFT_ACTIVE_COMPILATION_CONDITIONS = DEBUG;
				SWIFT_OPTIMIZATION_LEVEL = "-Onone";
			};
			name = Debug;
		};
		6B773B0B21919C9D00D5983A /* Release */ = {
			isa = XCBuildConfiguration;
			buildSettings = {
				ALWAYS_SEARCH_USER_PATHS = NO;
				CLANG_ANALYZER_NONNULL = YES;
				CLANG_ANALYZER_NUMBER_OBJECT_CONVERSION = YES_AGGRESSIVE;
				CLANG_CXX_LANGUAGE_STANDARD = "gnu++14";
				CLANG_CXX_LIBRARY = "libc++";
				CLANG_ENABLE_MODULES = YES;
				CLANG_ENABLE_OBJC_ARC = YES;
				CLANG_ENABLE_OBJC_WEAK = YES;
				CLANG_WARN_BLOCK_CAPTURE_AUTORELEASING = YES;
				CLANG_WARN_BOOL_CONVERSION = YES;
				CLANG_WARN_COMMA = YES;
				CLANG_WARN_CONSTANT_CONVERSION = YES;
				CLANG_WARN_DEPRECATED_OBJC_IMPLEMENTATIONS = YES;
				CLANG_WARN_DIRECT_OBJC_ISA_USAGE = YES_ERROR;
				CLANG_WARN_DOCUMENTATION_COMMENTS = YES;
				CLANG_WARN_EMPTY_BODY = YES;
				CLANG_WARN_ENUM_CONVERSION = YES;
				CLANG_WARN_INFINITE_RECURSION = YES;
				CLANG_WARN_INT_CONVERSION = YES;
				CLANG_WARN_NON_LITERAL_NULL_CONVERSION = YES;
				CLANG_WARN_OBJC_IMPLICIT_RETAIN_SELF = YES;
				CLANG_WARN_OBJC_LITERAL_CONVERSION = YES;
				CLANG_WARN_OBJC_ROOT_CLASS = YES_ERROR;
				CLANG_WARN_RANGE_LOOP_ANALYSIS = YES;
				CLANG_WARN_STRICT_PROTOTYPES = YES;
				CLANG_WARN_SUSPICIOUS_MOVE = YES;
				CLANG_WARN_UNGUARDED_AVAILABILITY = YES_AGGRESSIVE;
				CLANG_WARN_UNREACHABLE_CODE = YES;
				CLANG_WARN__DUPLICATE_METHOD_MATCH = YES;
				CODE_SIGN_IDENTITY = "iPhone Developer";
				COPY_PHASE_STRIP = NO;
				DEBUG_INFORMATION_FORMAT = "dwarf-with-dsym";
				ENABLE_NS_ASSERTIONS = NO;
				ENABLE_STRICT_OBJC_MSGSEND = YES;
				GCC_C_LANGUAGE_STANDARD = gnu11;
				GCC_NO_COMMON_BLOCKS = YES;
				GCC_WARN_64_TO_32_BIT_CONVERSION = YES;
				GCC_WARN_ABOUT_RETURN_TYPE = YES_ERROR;
				GCC_WARN_UNDECLARED_SELECTOR = YES;
				GCC_WARN_UNINITIALIZED_AUTOS = YES_AGGRESSIVE;
				GCC_WARN_UNUSED_FUNCTION = YES;
				GCC_WARN_UNUSED_VARIABLE = YES;
				IPHONEOS_DEPLOYMENT_TARGET = 12.1;
				MTL_ENABLE_DEBUG_INFO = NO;
				MTL_FAST_MATH = YES;
				SDKROOT = iphoneos;
				SWIFT_COMPILATION_MODE = wholemodule;
				SWIFT_OPTIMIZATION_LEVEL = "-O";
				VALIDATE_PRODUCT = YES;
			};
			name = Release;
		};
		6B773B0D21919C9D00D5983A /* Debug */ = {
			isa = XCBuildConfiguration;
			baseConfigurationReference = 2219FB99CBE2B93F6CCAF294 /* Pods-Getit.debug.xcconfig */;
			buildSettings = {
				ASSETCATALOG_COMPILER_APPICON_NAME = AppIcon;
				CODE_SIGN_STYLE = Automatic;
				DEVELOPMENT_TEAM = DNKVSLHRWV;
				INFOPLIST_FILE = Getit/Info.plist;
				LD_RUNPATH_SEARCH_PATHS = (
					"$(inherited)",
					"@executable_path/Frameworks",
				);
				PRODUCT_BUNDLE_IDENTIFIER = com.Bhav.Getit;
				PRODUCT_NAME = "$(TARGET_NAME)";
				SWIFT_VERSION = 4.2;
				TARGETED_DEVICE_FAMILY = "1,2";
			};
			name = Debug;
		};
		6B773B0E21919C9D00D5983A /* Release */ = {
			isa = XCBuildConfiguration;
			baseConfigurationReference = D085002CA2B5AC6EDEB59048 /* Pods-Getit.release.xcconfig */;
			buildSettings = {
				ASSETCATALOG_COMPILER_APPICON_NAME = AppIcon;
				CODE_SIGN_STYLE = Automatic;
				DEVELOPMENT_TEAM = DNKVSLHRWV;
				INFOPLIST_FILE = Getit/Info.plist;
				LD_RUNPATH_SEARCH_PATHS = (
					"$(inherited)",
					"@executable_path/Frameworks",
				);
				PRODUCT_BUNDLE_IDENTIFIER = com.Bhav.Getit;
				PRODUCT_NAME = "$(TARGET_NAME)";
				SWIFT_VERSION = 4.2;
				TARGETED_DEVICE_FAMILY = "1,2";
			};
			name = Release;
		};
		6B773B1021919C9D00D5983A /* Debug */ = {
			isa = XCBuildConfiguration;
			baseConfigurationReference = 273A36566F0E9FC80952B121 /* Pods-GetitTests.debug.xcconfig */;
			buildSettings = {
				ALWAYS_EMBED_SWIFT_STANDARD_LIBRARIES = YES;
				BUNDLE_LOADER = "$(TEST_HOST)";
				CODE_SIGN_STYLE = Automatic;
				DEVELOPMENT_TEAM = DNKVSLHRWV;
				INFOPLIST_FILE = GetitTests/Info.plist;
				LD_RUNPATH_SEARCH_PATHS = (
					"$(inherited)",
					"@executable_path/Frameworks",
					"@loader_path/Frameworks",
				);
				PRODUCT_BUNDLE_IDENTIFIER = com.Bhav.GetitTests;
				PRODUCT_NAME = "$(TARGET_NAME)";
				SWIFT_VERSION = 4.2;
				TARGETED_DEVICE_FAMILY = "1,2";
				TEST_HOST = "$(BUILT_PRODUCTS_DIR)/Getit.app/Getit";
			};
			name = Debug;
		};
		6B773B1121919C9D00D5983A /* Release */ = {
			isa = XCBuildConfiguration;
			baseConfigurationReference = 201C3280EA8F29D2E181DF67 /* Pods-GetitTests.release.xcconfig */;
			buildSettings = {
				ALWAYS_EMBED_SWIFT_STANDARD_LIBRARIES = YES;
				BUNDLE_LOADER = "$(TEST_HOST)";
				CODE_SIGN_STYLE = Automatic;
				DEVELOPMENT_TEAM = DNKVSLHRWV;
				INFOPLIST_FILE = GetitTests/Info.plist;
				LD_RUNPATH_SEARCH_PATHS = (
					"$(inherited)",
					"@executable_path/Frameworks",
					"@loader_path/Frameworks",
				);
				PRODUCT_BUNDLE_IDENTIFIER = com.Bhav.GetitTests;
				PRODUCT_NAME = "$(TARGET_NAME)";
				SWIFT_VERSION = 4.2;
				TARGETED_DEVICE_FAMILY = "1,2";
				TEST_HOST = "$(BUILT_PRODUCTS_DIR)/Getit.app/Getit";
			};
			name = Release;
		};
		6B773B1321919C9D00D5983A /* Debug */ = {
			isa = XCBuildConfiguration;
			baseConfigurationReference = ECBEA980D00A549849590BF5 /* Pods-GetitUITests.debug.xcconfig */;
			buildSettings = {
				ALWAYS_EMBED_SWIFT_STANDARD_LIBRARIES = YES;
				CODE_SIGN_STYLE = Automatic;
				DEVELOPMENT_TEAM = DNKVSLHRWV;
				INFOPLIST_FILE = GetitUITests/Info.plist;
				LD_RUNPATH_SEARCH_PATHS = (
					"$(inherited)",
					"@executable_path/Frameworks",
					"@loader_path/Frameworks",
				);
				PRODUCT_BUNDLE_IDENTIFIER = com.Bhav.GetitUITests;
				PRODUCT_NAME = "$(TARGET_NAME)";
				SWIFT_VERSION = 4.2;
				TARGETED_DEVICE_FAMILY = "1,2";
				TEST_TARGET_NAME = Getit;
			};
			name = Debug;
		};
		6B773B1421919C9D00D5983A /* Release */ = {
			isa = XCBuildConfiguration;
			baseConfigurationReference = A5CB36707253846E802E5E68 /* Pods-GetitUITests.release.xcconfig */;
			buildSettings = {
				ALWAYS_EMBED_SWIFT_STANDARD_LIBRARIES = YES;
				CODE_SIGN_STYLE = Automatic;
				DEVELOPMENT_TEAM = DNKVSLHRWV;
				INFOPLIST_FILE = GetitUITests/Info.plist;
				LD_RUNPATH_SEARCH_PATHS = (
					"$(inherited)",
					"@executable_path/Frameworks",
					"@loader_path/Frameworks",
				);
				PRODUCT_BUNDLE_IDENTIFIER = com.Bhav.GetitUITests;
				PRODUCT_NAME = "$(TARGET_NAME)";
				SWIFT_VERSION = 4.2;
				TARGETED_DEVICE_FAMILY = "1,2";
				TEST_TARGET_NAME = Getit;
			};
			name = Release;
		};
/* End XCBuildConfiguration section */

/* Begin XCConfigurationList section */
		6B773ADC21919C9B00D5983A /* Build configuration list for PBXProject "Getit" */ = {
			isa = XCConfigurationList;
			buildConfigurations = (
				6B773B0A21919C9D00D5983A /* Debug */,
				6B773B0B21919C9D00D5983A /* Release */,
			);
			defaultConfigurationIsVisible = 0;
			defaultConfigurationName = Release;
		};
		6B773B0C21919C9D00D5983A /* Build configuration list for PBXNativeTarget "Getit" */ = {
			isa = XCConfigurationList;
			buildConfigurations = (
				6B773B0D21919C9D00D5983A /* Debug */,
				6B773B0E21919C9D00D5983A /* Release */,
			);
			defaultConfigurationIsVisible = 0;
			defaultConfigurationName = Release;
		};
		6B773B0F21919C9D00D5983A /* Build configuration list for PBXNativeTarget "GetitTests" */ = {
			isa = XCConfigurationList;
			buildConfigurations = (
				6B773B1021919C9D00D5983A /* Debug */,
				6B773B1121919C9D00D5983A /* Release */,
			);
			defaultConfigurationIsVisible = 0;
			defaultConfigurationName = Release;
		};
		6B773B1221919C9D00D5983A /* Build configuration list for PBXNativeTarget "GetitUITests" */ = {
			isa = XCConfigurationList;
			buildConfigurations = (
				6B773B1321919C9D00D5983A /* Debug */,
				6B773B1421919C9D00D5983A /* Release */,
			);
			defaultConfigurationIsVisible = 0;
			defaultConfigurationName = Release;
		};
/* End XCConfigurationList section */

/* Begin XCVersionGroup section */
		6B773AEB21919C9B00D5983A /* Getit.xcdatamodeld */ = {
			isa = XCVersionGroup;
			children = (
				6B773AEC21919C9B00D5983A /* Getit.xcdatamodel */,
			);
			currentVersion = 6B773AEC21919C9B00D5983A /* Getit.xcdatamodel */;
			path = Getit.xcdatamodeld;
			sourceTree = "<group>";
			versionGroupType = wrapper.xcdatamodel;
		};
/* End XCVersionGroup section */
	};
	rootObject = 6B773AD921919C9B00D5983A /* Project object */;
}
